
Microsoft Visual Studio Solution File, Format Version 12.00
# Visual Studio Version 17
VisualStudioVersion = 17.10.35013.160
MinimumVisualStudioVersion = 10.0.40219.1
Project("{9A19103F-16F7-4668-BE54-9A1E7A4F7556}") = "BlazorApp_Test", "BlazorApp_Test\BlazorApp_Test.csproj", "{50A13C10-8CB6-4703-9FEF-25AE03B3E0B9}"
EndProject
Global
	GlobalSection(SolutionConfigurationPlatforms) = preSolution
		Debug|Any CPU = Debug|Any CPU
		Release|Any CPU = Release|Any CPU
	EndGlobalSection
	GlobalSection(ProjectConfigurationPlatforms) = postSolution
		{50A13C10-8CB6-4703-9FEF-25AE03B3E0B9}.Debug|Any CPU.ActiveCfg = Debug|Any CPU
		{50A13C10-8CB6-4703-9FEF-25AE03B3E0B9}.Debug|Any CPU.Build.0 = Debug|Any CPU
		{50A13C10-8CB6-4703-9FEF-25AE03B3E0B9}.Release|Any CPU.ActiveCfg = Release|Any CPU
		{50A13C10-8CB6-4703-9FEF-25AE03B3E0B9}.Release|Any CPU.Build.0 = Release|Any CPU
	EndGlobalSection
	GlobalSection(SolutionProperties) = preSolution
		HideSolutionNode = FALSE
	EndGlobalSection
	GlobalSection(ExtensibilityGlobals) = postSolution
		SolutionGuid = {851C7B37-B472-4714-A123-5AD56267B596}
	EndGlobalSection
EndGlobal
